// !$*UTF8*$!
{
	archiveVersion = 1;
	classes = {
	};
	objectVersion = 51;
	objects = {

/* Begin PBXBuildFile section */
		4F1BF333270A70F800A0390F /* Photo.swift in Sources */ = {isa = PBXBuildFile; fileRef = 4F1BF332270A70F800A0390F /* Photo.swift */; };
		4F1BF335270A73C100A0390F /* PhotoSearchResult.swift in Sources */ = {isa = PBXBuildFile; fileRef = 4F1BF334270A73C100A0390F /* PhotoSearchResult.swift */; };
		4F1BF337270A743600A0390F /* SearchPhotos.swift in Sources */ = {isa = PBXBuildFile; fileRef = 4F1BF336270A743600A0390F /* SearchPhotos.swift */; };
		4F1BF33C270A757900A0390F /* PhotoSearchProtocl.swift in Sources */ = {isa = PBXBuildFile; fileRef = 4F1BF33B270A757900A0390F /* PhotoSearchProtocl.swift */; };
		4F1BF33F270A762A00A0390F /* CallBacksTypeAliase.swift in Sources */ = {isa = PBXBuildFile; fileRef = 4F1BF33E270A762A00A0390F /* CallBacksTypeAliase.swift */; };
		4F22682F270A0D6000ED8009 /* Constants.swift in Sources */ = {isa = PBXBuildFile; fileRef = 4F22682E270A0D6000ED8009 /* Constants.swift */; };
		4F226834270A1D4100ED8009 /* ConstantsProtocol.swift in Sources */ = {isa = PBXBuildFile; fileRef = 4F226833270A1D4100ED8009 /* ConstantsProtocol.swift */; };
		4F226837270A1E7600ED8009 /* EndPointProtocol.swift in Sources */ = {isa = PBXBuildFile; fileRef = 4F226836270A1E7600ED8009 /* EndPointProtocol.swift */; };
		4F22683A270A209900ED8009 /* APIService.swift in Sources */ = {isa = PBXBuildFile; fileRef = 4F226839270A209900ED8009 /* APIService.swift */; };
		4F226844270A2CB900ED8009 /* PhotoSearchEndPoint.swift in Sources */ = {isa = PBXBuildFile; fileRef = 4F226843270A2CB900ED8009 /* PhotoSearchEndPoint.swift */; };
		4F226847270A2FFF00ED8009 /* CommonParametersProtocol.swift in Sources */ = {isa = PBXBuildFile; fileRef = 4F226846270A2FFF00ED8009 /* CommonParametersProtocol.swift */; };
		4F226849270A55A500ED8009 /* PhotoSearchService.swift in Sources */ = {isa = PBXBuildFile; fileRef = 4F226848270A55A500ED8009 /* PhotoSearchService.swift */; };
		4F3720A9270C62F70023465B /* PhotoGalleryContainerViewModel.swift in Sources */ = {isa = PBXBuildFile; fileRef = 4F3720A8270C62F70023465B /* PhotoGalleryContainerViewModel.swift */; };
		4F3720AB270C63CD0023465B /* PhotoGalleryContainerViewModel+Routing.swift in Sources */ = {isa = PBXBuildFile; fileRef = 4F3720AA270C63CD0023465B /* PhotoGalleryContainerViewModel+Routing.swift */; };
		4F3720AE270C64F70023465B /* PhotoGalleryViewController.swift in Sources */ = {isa = PBXBuildFile; fileRef = 4F3720AC270C64F70023465B /* PhotoGalleryViewController.swift */; };
		4F3720AF270C64F70023465B /* PhotoGalleryViewController.xib in Resources */ = {isa = PBXBuildFile; fileRef = 4F3720AD270C64F70023465B /* PhotoGalleryViewController.xib */; };
		4F3720B6270C97C50023465B /* PhotoGalleryContainerContract.swift in Sources */ = {isa = PBXBuildFile; fileRef = 4F3720B5270C97C50023465B /* PhotoGalleryContainerContract.swift */; };
		4F3720BA270CB6260023465B /* PhotoGalleryViewModel.swift in Sources */ = {isa = PBXBuildFile; fileRef = 4F3720B9270CB6260023465B /* PhotoGalleryViewModel.swift */; };
		4F3720BD270CB6600023465B /* PhotoGalleryContract.swift in Sources */ = {isa = PBXBuildFile; fileRef = 4F3720BC270CB6600023465B /* PhotoGalleryContract.swift */; };
		4F3720C0270CC5C30023465B /* PhotoGalleryCell.swift in Sources */ = {isa = PBXBuildFile; fileRef = 4F3720BE270CC5C30023465B /* PhotoGalleryCell.swift */; };
		4F3720C1270CC5C30023465B /* PhotoGalleryCell.xib in Resources */ = {isa = PBXBuildFile; fileRef = 4F3720BF270CC5C30023465B /* PhotoGalleryCell.xib */; };
		4F3720C4270CC7810023465B /* PhotoUIModel.swift in Sources */ = {isa = PBXBuildFile; fileRef = 4F3720C3270CC7810023465B /* PhotoUIModel.swift */; };
		4F3720C8270DDA040023465B /* PhotoGalleryViewModel+Routing.swift in Sources */ = {isa = PBXBuildFile; fileRef = 4F3720C7270DDA040023465B /* PhotoGalleryViewModel+Routing.swift */; };
		4F3720CC270DE4840023465B /* PhotoSizesEndPoint.swift in Sources */ = {isa = PBXBuildFile; fileRef = 4F3720CB270DE4840023465B /* PhotoSizesEndPoint.swift */; };
		4F64BE34270A03F600C3F848 /* AppDelegate.swift in Sources */ = {isa = PBXBuildFile; fileRef = 4F64BE33270A03F600C3F848 /* AppDelegate.swift */; };
		4F64BE36270A03F600C3F848 /* SceneDelegate.swift in Sources */ = {isa = PBXBuildFile; fileRef = 4F64BE35270A03F600C3F848 /* SceneDelegate.swift */; };
		4F64BE3D270A03F900C3F848 /* Assets.xcassets in Resources */ = {isa = PBXBuildFile; fileRef = 4F64BE3C270A03F900C3F848 /* Assets.xcassets */; };
		4F64BE40270A03F900C3F848 /* LaunchScreen.storyboard in Resources */ = {isa = PBXBuildFile; fileRef = 4F64BE3E270A03F900C3F848 /* LaunchScreen.storyboard */; };
		4F730F5C270B041C00418D8C /* PhotoGalleryContainerViewController.swift in Sources */ = {isa = PBXBuildFile; fileRef = 4F730F5A270B041C00418D8C /* PhotoGalleryContainerViewController.swift */; };
		4F730F5D270B041C00418D8C /* PhotoGalleryContainerViewController.xib in Resources */ = {isa = PBXBuildFile; fileRef = 4F730F5B270B041C00418D8C /* PhotoGalleryContainerViewController.xib */; };
		DC5C1F00B3745F9A7A1FAFF2 /* Pods_FlickerApp_Clone.framework in Frameworks */ = {isa = PBXBuildFile; fileRef = E0F842AC9D0F9AC61ADBFAC3 /* Pods_FlickerApp_Clone.framework */; };
/* End PBXBuildFile section */

/* Begin PBXFileReference section */
		25EF7D1D4A8797A671272CA5 /* Pods-FlickerApp-Clone.release.xcconfig */ = {isa = PBXFileReference; includeInIndex = 1; lastKnownFileType = text.xcconfig; name = "Pods-FlickerApp-Clone.release.xcconfig"; path = "Target Support Files/Pods-FlickerApp-Clone/Pods-FlickerApp-Clone.release.xcconfig"; sourceTree = "<group>"; };
		4F0B29270E6642B5398A18B0 /* Pods-FlickerApp-Clone.debug.xcconfig */ = {isa = PBXFileReference; includeInIndex = 1; lastKnownFileType = text.xcconfig; name = "Pods-FlickerApp-Clone.debug.xcconfig"; path = "Target Support Files/Pods-FlickerApp-Clone/Pods-FlickerApp-Clone.debug.xcconfig"; sourceTree = "<group>"; };
		4F1BF332270A70F800A0390F /* Photo.swift */ = {isa = PBXFileReference; lastKnownFileType = sourcecode.swift; path = Photo.swift; sourceTree = "<group>"; };
		4F1BF334270A73C100A0390F /* PhotoSearchResult.swift */ = {isa = PBXFileReference; lastKnownFileType = sourcecode.swift; path = PhotoSearchResult.swift; sourceTree = "<group>"; };
		4F1BF336270A743600A0390F /* SearchPhotos.swift */ = {isa = PBXFileReference; lastKnownFileType = sourcecode.swift; path = SearchPhotos.swift; sourceTree = "<group>"; };
		4F1BF33B270A757900A0390F /* PhotoSearchProtocl.swift */ = {isa = PBXFileReference; lastKnownFileType = sourcecode.swift; path = PhotoSearchProtocl.swift; sourceTree = "<group>"; };
		4F1BF33E270A762A00A0390F /* CallBacksTypeAliase.swift */ = {isa = PBXFileReference; lastKnownFileType = sourcecode.swift; path = CallBacksTypeAliase.swift; sourceTree = "<group>"; };
		4F22682E270A0D6000ED8009 /* Constants.swift */ = {isa = PBXFileReference; lastKnownFileType = sourcecode.swift; path = Constants.swift; sourceTree = "<group>"; };
		4F226833270A1D4100ED8009 /* ConstantsProtocol.swift */ = {isa = PBXFileReference; lastKnownFileType = sourcecode.swift; path = ConstantsProtocol.swift; sourceTree = "<group>"; };
		4F226836270A1E7600ED8009 /* EndPointProtocol.swift */ = {isa = PBXFileReference; lastKnownFileType = sourcecode.swift; path = EndPointProtocol.swift; sourceTree = "<group>"; };
		4F226839270A209900ED8009 /* APIService.swift */ = {isa = PBXFileReference; lastKnownFileType = sourcecode.swift; path = APIService.swift; sourceTree = "<group>"; };
		4F226843270A2CB900ED8009 /* PhotoSearchEndPoint.swift */ = {isa = PBXFileReference; lastKnownFileType = sourcecode.swift; path = PhotoSearchEndPoint.swift; sourceTree = "<group>"; };
		4F226846270A2FFF00ED8009 /* CommonParametersProtocol.swift */ = {isa = PBXFileReference; lastKnownFileType = sourcecode.swift; path = CommonParametersProtocol.swift; sourceTree = "<group>"; };
		4F226848270A55A500ED8009 /* PhotoSearchService.swift */ = {isa = PBXFileReference; lastKnownFileType = sourcecode.swift; path = PhotoSearchService.swift; sourceTree = "<group>"; };
		4F3720A8270C62F70023465B /* PhotoGalleryContainerViewModel.swift */ = {isa = PBXFileReference; lastKnownFileType = sourcecode.swift; path = PhotoGalleryContainerViewModel.swift; sourceTree = "<group>"; };
		4F3720AA270C63CD0023465B /* PhotoGalleryContainerViewModel+Routing.swift */ = {isa = PBXFileReference; lastKnownFileType = sourcecode.swift; path = "PhotoGalleryContainerViewModel+Routing.swift"; sourceTree = "<group>"; };
		4F3720AC270C64F70023465B /* PhotoGalleryViewController.swift */ = {isa = PBXFileReference; lastKnownFileType = sourcecode.swift; path = PhotoGalleryViewController.swift; sourceTree = "<group>"; };
		4F3720AD270C64F70023465B /* PhotoGalleryViewController.xib */ = {isa = PBXFileReference; lastKnownFileType = file.xib; path = PhotoGalleryViewController.xib; sourceTree = "<group>"; };
		4F3720B5270C97C50023465B /* PhotoGalleryContainerContract.swift */ = {isa = PBXFileReference; lastKnownFileType = sourcecode.swift; path = PhotoGalleryContainerContract.swift; sourceTree = "<group>"; };
		4F3720B9270CB6260023465B /* PhotoGalleryViewModel.swift */ = {isa = PBXFileReference; lastKnownFileType = sourcecode.swift; path = PhotoGalleryViewModel.swift; sourceTree = "<group>"; };
		4F3720BC270CB6600023465B /* PhotoGalleryContract.swift */ = {isa = PBXFileReference; lastKnownFileType = sourcecode.swift; path = PhotoGalleryContract.swift; sourceTree = "<group>"; };
		4F3720BE270CC5C30023465B /* PhotoGalleryCell.swift */ = {isa = PBXFileReference; lastKnownFileType = sourcecode.swift; path = PhotoGalleryCell.swift; sourceTree = "<group>"; };
		4F3720BF270CC5C30023465B /* PhotoGalleryCell.xib */ = {isa = PBXFileReference; lastKnownFileType = file.xib; path = PhotoGalleryCell.xib; sourceTree = "<group>"; };
		4F3720C3270CC7810023465B /* PhotoUIModel.swift */ = {isa = PBXFileReference; lastKnownFileType = sourcecode.swift; path = PhotoUIModel.swift; sourceTree = "<group>"; };
		4F3720C7270DDA040023465B /* PhotoGalleryViewModel+Routing.swift */ = {isa = PBXFileReference; lastKnownFileType = sourcecode.swift; path = "PhotoGalleryViewModel+Routing.swift"; sourceTree = "<group>"; };
		4F3720CB270DE4840023465B /* PhotoSizesEndPoint.swift */ = {isa = PBXFileReference; lastKnownFileType = sourcecode.swift; path = PhotoSizesEndPoint.swift; sourceTree = "<group>"; };
		4F64BE30270A03F600C3F848 /* FlickerApp-Clone.app */ = {isa = PBXFileReference; explicitFileType = wrapper.application; includeInIndex = 0; path = "FlickerApp-Clone.app"; sourceTree = BUILT_PRODUCTS_DIR; };
		4F64BE33270A03F600C3F848 /* AppDelegate.swift */ = {isa = PBXFileReference; lastKnownFileType = sourcecode.swift; path = AppDelegate.swift; sourceTree = "<group>"; };
		4F64BE35270A03F600C3F848 /* SceneDelegate.swift */ = {isa = PBXFileReference; lastKnownFileType = sourcecode.swift; path = SceneDelegate.swift; sourceTree = "<group>"; };
		4F64BE3C270A03F900C3F848 /* Assets.xcassets */ = {isa = PBXFileReference; lastKnownFileType = folder.assetcatalog; path = Assets.xcassets; sourceTree = "<group>"; };
		4F64BE3F270A03F900C3F848 /* Base */ = {isa = PBXFileReference; lastKnownFileType = file.storyboard; name = Base; path = Base.lproj/LaunchScreen.storyboard; sourceTree = "<group>"; };
		4F64BE41270A03F900C3F848 /* Info.plist */ = {isa = PBXFileReference; lastKnownFileType = text.plist.xml; path = Info.plist; sourceTree = "<group>"; };
		4F730F5A270B041C00418D8C /* PhotoGalleryContainerViewController.swift */ = {isa = PBXFileReference; lastKnownFileType = sourcecode.swift; path = PhotoGalleryContainerViewController.swift; sourceTree = "<group>"; };
		4F730F5B270B041C00418D8C /* PhotoGalleryContainerViewController.xib */ = {isa = PBXFileReference; lastKnownFileType = file.xib; path = PhotoGalleryContainerViewController.xib; sourceTree = "<group>"; };
		E0F842AC9D0F9AC61ADBFAC3 /* Pods_FlickerApp_Clone.framework */ = {isa = PBXFileReference; explicitFileType = wrapper.framework; includeInIndex = 0; path = Pods_FlickerApp_Clone.framework; sourceTree = BUILT_PRODUCTS_DIR; };
/* End PBXFileReference section */

/* Begin PBXFrameworksBuildPhase section */
		4F64BE2D270A03F600C3F848 /* Frameworks */ = {
			isa = PBXFrameworksBuildPhase;
			buildActionMask = 2147483647;
			files = (
				DC5C1F00B3745F9A7A1FAFF2 /* Pods_FlickerApp_Clone.framework in Frameworks */,
			);
			runOnlyForDeploymentPostprocessing = 0;
		};
/* End PBXFrameworksBuildPhase section */

/* Begin PBXGroup section */
		2B8B8B666207331ABF7C1B4D /* Frameworks */ = {
			isa = PBXGroup;
			children = (
				E0F842AC9D0F9AC61ADBFAC3 /* Pods_FlickerApp_Clone.framework */,
			);
			name = Frameworks;
			sourceTree = "<group>";
		};
		4F1BF338270A750700A0390F /* EndPoints */ = {
			isa = PBXGroup;
			children = (
				4F226843270A2CB900ED8009 /* PhotoSearchEndPoint.swift */,
			);
			path = EndPoints;
			sourceTree = "<group>";
		};
		4F1BF339270A751200A0390F /* Services */ = {
			isa = PBXGroup;
			children = (
				4F226848270A55A500ED8009 /* PhotoSearchService.swift */,
			);
			path = Services;
			sourceTree = "<group>";
		};
		4F1BF33A270A756600A0390F /* Domain */ = {
			isa = PBXGroup;
			children = (
				4F1BF33B270A757900A0390F /* PhotoSearchProtocl.swift */,
			);
			path = Domain;
			sourceTree = "<group>";
		};
		4F1BF33D270A75FB00A0390F /* Typealias */ = {
			isa = PBXGroup;
			children = (
				4F1BF33E270A762A00A0390F /* CallBacksTypeAliase.swift */,
			);
			path = Typealias;
			sourceTree = "<group>";
		};
		4F226830270A16B800ED8009 /* Networking */ = {
			isa = PBXGroup;
			children = (
				4F22683B270A252D00ED8009 /* Modules */,
				4F226831270A17A900ED8009 /* Shared  */,
			);
			path = Networking;
			sourceTree = "<group>";
		};
		4F226831270A17A900ED8009 /* Shared  */ = {
			isa = PBXGroup;
			children = (
				4F1BF33D270A75FB00A0390F /* Typealias */,
				4F226845270A2FEA00ED8009 /* CommonParamaters */,
				4F226838270A207D00ED8009 /* APIManger */,
				4F226835270A1E2A00ED8009 /* EndPointProtocol */,
				4F226832270A1D3000ED8009 /* Constants */,
			);
			path = "Shared ";
			sourceTree = "<group>";
		};
		4F226832270A1D3000ED8009 /* Constants */ = {
			isa = PBXGroup;
			children = (
				4F22682E270A0D6000ED8009 /* Constants.swift */,
				4F226833270A1D4100ED8009 /* ConstantsProtocol.swift */,
			);
			path = Constants;
			sourceTree = "<group>";
		};
		4F226835270A1E2A00ED8009 /* EndPointProtocol */ = {
			isa = PBXGroup;
			children = (
				4F226836270A1E7600ED8009 /* EndPointProtocol.swift */,
			);
			path = EndPointProtocol;
			sourceTree = "<group>";
		};
		4F226838270A207D00ED8009 /* APIManger */ = {
			isa = PBXGroup;
			children = (
				4F226839270A209900ED8009 /* APIService.swift */,
			);
			path = APIManger;
			sourceTree = "<group>";
		};
		4F22683B270A252D00ED8009 /* Modules */ = {
			isa = PBXGroup;
			children = (
				4F22683F270A2C8400ED8009 /* PhotoSizes */,
				4F22683E270A2C6B00ED8009 /* PhotosSearch */,
			);
			path = Modules;
			sourceTree = "<group>";
		};
		4F22683E270A2C6B00ED8009 /* PhotosSearch */ = {
			isa = PBXGroup;
			children = (
				4F226841270A2C9D00ED8009 /* Data */,
				4F1BF33A270A756600A0390F /* Domain */,
			);
			path = PhotosSearch;
			sourceTree = "<group>";
		};
		4F22683F270A2C8400ED8009 /* PhotoSizes */ = {
			isa = PBXGroup;
			children = (
				4F3720C9270DE36C0023465B /* Data */,
			);
			path = PhotoSizes;
			sourceTree = "<group>";
		};
		4F226841270A2C9D00ED8009 /* Data */ = {
			isa = PBXGroup;
			children = (
				4F22684C270A5E2300ED8009 /* Entitits */,
				4F1BF339270A751200A0390F /* Services */,
				4F1BF338270A750700A0390F /* EndPoints */,
			);
			path = Data;
			sourceTree = "<group>";
		};
		4F226845270A2FEA00ED8009 /* CommonParamaters */ = {
			isa = PBXGroup;
			children = (
				4F226846270A2FFF00ED8009 /* CommonParametersProtocol.swift */,
			);
			path = CommonParamaters;
			sourceTree = "<group>";
		};
		4F22684C270A5E2300ED8009 /* Entitits */ = {
			isa = PBXGroup;
			children = (
				4F1BF332270A70F800A0390F /* Photo.swift */,
				4F1BF334270A73C100A0390F /* PhotoSearchResult.swift */,
				4F1BF336270A743600A0390F /* SearchPhotos.swift */,
			);
			path = Entitits;
			sourceTree = "<group>";
		};
		4F3720A1270C62120023465B /* View */ = {
			isa = PBXGroup;
			children = (
				4F730F5A270B041C00418D8C /* PhotoGalleryContainerViewController.swift */,
				4F730F5B270B041C00418D8C /* PhotoGalleryContainerViewController.xib */,
			);
			path = View;
			sourceTree = "<group>";
		};
		4F3720A7270C62E50023465B /* ViewModel */ = {
			isa = PBXGroup;
			children = (
				4F3720A8270C62F70023465B /* PhotoGalleryContainerViewModel.swift */,
				4F3720AA270C63CD0023465B /* PhotoGalleryContainerViewModel+Routing.swift */,
			);
			path = ViewModel;
			sourceTree = "<group>";
		};
		4F3720B0270C655A0023465B /* View */ = {
			isa = PBXGroup;
			children = (
				4F3720B2270C656C0023465B /* Cell */,
				4F3720B1270C65620023465B /* ViewContoller */,
			);
			path = View;
			sourceTree = "<group>";
		};
		4F3720B1270C65620023465B /* ViewContoller */ = {
			isa = PBXGroup;
			children = (
				4F3720AC270C64F70023465B /* PhotoGalleryViewController.swift */,
				4F3720AD270C64F70023465B /* PhotoGalleryViewController.xib */,
			);
			path = ViewContoller;
			sourceTree = "<group>";
		};
		4F3720B2270C656C0023465B /* Cell */ = {
			isa = PBXGroup;
			children = (
				4F3720BE270CC5C30023465B /* PhotoGalleryCell.swift */,
				4F3720BF270CC5C30023465B /* PhotoGalleryCell.xib */,
			);
			path = Cell;
			sourceTree = "<group>";
		};
		4F3720B4270C97920023465B /* Contract */ = {
			isa = PBXGroup;
			children = (
				4F3720B5270C97C50023465B /* PhotoGalleryContainerContract.swift */,
			);
			path = Contract;
			sourceTree = "<group>";
		};
		4F3720B8270CB4350023465B /* ViewModel */ = {
			isa = PBXGroup;
			children = (
				4F3720B9270CB6260023465B /* PhotoGalleryViewModel.swift */,
				4F3720C7270DDA040023465B /* PhotoGalleryViewModel+Routing.swift */,
			);
			path = ViewModel;
			sourceTree = "<group>";
		};
		4F3720BB270CB6360023465B /* Contract */ = {
			isa = PBXGroup;
			children = (
				4F3720BC270CB6600023465B /* PhotoGalleryContract.swift */,
			);
			path = Contract;
			sourceTree = "<group>";
		};
		4F3720C2270CC7720023465B /* Model */ = {
			isa = PBXGroup;
			children = (
				4F3720C3270CC7810023465B /* PhotoUIModel.swift */,
			);
			path = Model;
			sourceTree = "<group>";
		};
		4F3720C9270DE36C0023465B /* Data */ = {
			isa = PBXGroup;
			children = (
				4F3720CD270DE5000023465B /* Entitits */,
				4F3720CA270DE3760023465B /* EndPoints */,
			);
			path = Data;
			sourceTree = "<group>";
		};
		4F3720CA270DE3760023465B /* EndPoints */ = {
			isa = PBXGroup;
			children = (
				4F3720CB270DE4840023465B /* PhotoSizesEndPoint.swift */,
			);
			path = EndPoints;
			sourceTree = "<group>";
		};
		4F3720CD270DE5000023465B /* Entitits */ = {
			isa = PBXGroup;
			children = (
			);
			path = Entitits;
			sourceTree = "<group>";
		};
		4F64BE27270A03F600C3F848 = {
			isa = PBXGroup;
			children = (
				4F64BE32270A03F600C3F848 /* FlickerApp-Clone */,
				4F64BE31270A03F600C3F848 /* Products */,
				BB1B1AA28D6E70BC61F779B6 /* Pods */,
				2B8B8B666207331ABF7C1B4D /* Frameworks */,
			);
			sourceTree = "<group>";
		};
		4F64BE31270A03F600C3F848 /* Products */ = {
			isa = PBXGroup;
			children = (
				4F64BE30270A03F600C3F848 /* FlickerApp-Clone.app */,
			);
			name = Products;
			sourceTree = "<group>";
		};
		4F64BE32270A03F600C3F848 /* FlickerApp-Clone */ = {
			isa = PBXGroup;
			children = (
				4F730F56270B025200418D8C /* Moduels */,
				4F64BE47270A050300C3F848 /* Core */,
				4F64BE48270A051800C3F848 /* Resources */,
				4F64BE41270A03F900C3F848 /* Info.plist */,
				4F226830270A16B800ED8009 /* Networking */,
			);
			path = "FlickerApp-Clone";
			sourceTree = "<group>";
		};
		4F64BE47270A050300C3F848 /* Core */ = {
			isa = PBXGroup;
			children = (
				4F64BE33270A03F600C3F848 /* AppDelegate.swift */,
				4F64BE35270A03F600C3F848 /* SceneDelegate.swift */,
			);
			path = Core;
			sourceTree = "<group>";
		};
		4F64BE48270A051800C3F848 /* Resources */ = {
			isa = PBXGroup;
			children = (
				4F64BE3C270A03F900C3F848 /* Assets.xcassets */,
				4F64BE3E270A03F900C3F848 /* LaunchScreen.storyboard */,
			);
			path = Resources;
			sourceTree = "<group>";
		};
		4F730F56270B025200418D8C /* Moduels */ = {
			isa = PBXGroup;
			children = (
				4F730F59270B029F00418D8C /* PhotoGalleryModule */,
				4F730F57270B026100418D8C /* PhotoGalleryContainerModule */,
			);
			path = Moduels;
			sourceTree = "<group>";
		};
		4F730F57270B026100418D8C /* PhotoGalleryContainerModule */ = {
			isa = PBXGroup;
			children = (
				4F3720B4270C97920023465B /* Contract */,
				4F3720A7270C62E50023465B /* ViewModel */,
				4F3720A1270C62120023465B /* View */,
			);
			path = PhotoGalleryContainerModule;
			sourceTree = "<group>";
		};
		4F730F59270B029F00418D8C /* PhotoGalleryModule */ = {
			isa = PBXGroup;
			children = (
				4F3720C2270CC7720023465B /* Model */,
				4F3720BB270CB6360023465B /* Contract */,
				4F3720B8270CB4350023465B /* ViewModel */,
				4F3720B0270C655A0023465B /* View */,
			);
			path = PhotoGalleryModule;
			sourceTree = "<group>";
		};
		BB1B1AA28D6E70BC61F779B6 /* Pods */ = {
			isa = PBXGroup;
			children = (
				4F0B29270E6642B5398A18B0 /* Pods-FlickerApp-Clone.debug.xcconfig */,
				25EF7D1D4A8797A671272CA5 /* Pods-FlickerApp-Clone.release.xcconfig */,
			);
			path = Pods;
			sourceTree = "<group>";
		};
/* End PBXGroup section */

/* Begin PBXNativeTarget section */
		4F64BE2F270A03F600C3F848 /* FlickerApp-Clone */ = {
			isa = PBXNativeTarget;
			buildConfigurationList = 4F64BE44270A03F900C3F848 /* Build configuration list for PBXNativeTarget "FlickerApp-Clone" */;
			buildPhases = (
				88AC07EC09B8BCE647103B9D /* [CP] Check Pods Manifest.lock */,
				4F64BE2C270A03F600C3F848 /* Sources */,
				4F64BE2D270A03F600C3F848 /* Frameworks */,
				4F64BE2E270A03F600C3F848 /* Resources */,
				18FDD37AD026EF8658253182 /* [CP] Embed Pods Frameworks */,
			);
			buildRules = (
			);
			dependencies = (
			);
			name = "FlickerApp-Clone";
			productName = "FlickerApp-Clone";
			productReference = 4F64BE30270A03F600C3F848 /* FlickerApp-Clone.app */;
			productType = "com.apple.product-type.application";
		};
/* End PBXNativeTarget section */

/* Begin PBXProject section */
		4F64BE28270A03F600C3F848 /* Project object */ = {
			isa = PBXProject;
			attributes = {
				LastSwiftUpdateCheck = 1250;
				LastUpgradeCheck = 1250;
				TargetAttributes = {
					4F64BE2F270A03F600C3F848 = {
						CreatedOnToolsVersion = 12.5.1;
					};
				};
			};
			buildConfigurationList = 4F64BE2B270A03F600C3F848 /* Build configuration list for PBXProject "FlickerApp-Clone" */;
			compatibilityVersion = "Xcode 9.3";
			developmentRegion = en;
			hasScannedForEncodings = 0;
			knownRegions = (
				en,
				Base,
			);
			mainGroup = 4F64BE27270A03F600C3F848;
			productRefGroup = 4F64BE31270A03F600C3F848 /* Products */;
			projectDirPath = "";
			projectRoot = "";
			targets = (
				4F64BE2F270A03F600C3F848 /* FlickerApp-Clone */,
			);
		};
/* End PBXProject section */

/* Begin PBXResourcesBuildPhase section */
		4F64BE2E270A03F600C3F848 /* Resources */ = {
			isa = PBXResourcesBuildPhase;
			buildActionMask = 2147483647;
			files = (
				4F3720AF270C64F70023465B /* PhotoGalleryViewController.xib in Resources */,
				4F730F5D270B041C00418D8C /* PhotoGalleryContainerViewController.xib in Resources */,
				4F64BE40270A03F900C3F848 /* LaunchScreen.storyboard in Resources */,
				4F3720C1270CC5C30023465B /* PhotoGalleryCell.xib in Resources */,
				4F64BE3D270A03F900C3F848 /* Assets.xcassets in Resources */,
			);
			runOnlyForDeploymentPostprocessing = 0;
		};
/* End PBXResourcesBuildPhase section */

/* Begin PBXShellScriptBuildPhase section */
		18FDD37AD026EF8658253182 /* [CP] Embed Pods Frameworks */ = {
			isa = PBXShellScriptBuildPhase;
			buildActionMask = 2147483647;
			files = (
			);
			inputFileListPaths = (
				"${PODS_ROOT}/Target Support Files/Pods-FlickerApp-Clone/Pods-FlickerApp-Clone-frameworks-${CONFIGURATION}-input-files.xcfilelist",
			);
			name = "[CP] Embed Pods Frameworks";
			outputFileListPaths = (
				"${PODS_ROOT}/Target Support Files/Pods-FlickerApp-Clone/Pods-FlickerApp-Clone-frameworks-${CONFIGURATION}-output-files.xcfilelist",
			);
			runOnlyForDeploymentPostprocessing = 0;
			shellPath = /bin/sh;
			shellScript = "\"${PODS_ROOT}/Target Support Files/Pods-FlickerApp-Clone/Pods-FlickerApp-Clone-frameworks.sh\"\n";
			showEnvVarsInLog = 0;
		};
		88AC07EC09B8BCE647103B9D /* [CP] Check Pods Manifest.lock */ = {
			isa = PBXShellScriptBuildPhase;
			buildActionMask = 2147483647;
			files = (
			);
			inputFileListPaths = (
			);
			inputPaths = (
				"${PODS_PODFILE_DIR_PATH}/Podfile.lock",
				"${PODS_ROOT}/Manifest.lock",
			);
			name = "[CP] Check Pods Manifest.lock";
			outputFileListPaths = (
			);
			outputPaths = (
				"$(DERIVED_FILE_DIR)/Pods-FlickerApp-Clone-checkManifestLockResult.txt",
			);
			runOnlyForDeploymentPostprocessing = 0;
			shellPath = /bin/sh;
			shellScript = "diff \"${PODS_PODFILE_DIR_PATH}/Podfile.lock\" \"${PODS_ROOT}/Manifest.lock\" > /dev/null\nif [ $? != 0 ] ; then\n    # print error to STDERR\n    echo \"error: The sandbox is not in sync with the Podfile.lock. Run 'pod install' or update your CocoaPods installation.\" >&2\n    exit 1\nfi\n# This output is used by Xcode 'outputs' to avoid re-running this script phase.\necho \"SUCCESS\" > \"${SCRIPT_OUTPUT_FILE_0}\"\n";
			showEnvVarsInLog = 0;
		};
/* End PBXShellScriptBuildPhase section */

/* Begin PBXSourcesBuildPhase section */
		4F64BE2C270A03F600C3F848 /* Sources */ = {
			isa = PBXSourcesBuildPhase;
			buildActionMask = 2147483647;
			files = (
				4F730F5C270B041C00418D8C /* PhotoGalleryContainerViewController.swift in Sources */,
				4F3720C0270CC5C30023465B /* PhotoGalleryCell.swift in Sources */,
				4F3720C4270CC7810023465B /* PhotoUIModel.swift in Sources */,
				4F1BF337270A743600A0390F /* SearchPhotos.swift in Sources */,
				4F1BF33F270A762A00A0390F /* CallBacksTypeAliase.swift in Sources */,
				4F226844270A2CB900ED8009 /* PhotoSearchEndPoint.swift in Sources */,
				4F22683A270A209900ED8009 /* APIService.swift in Sources */,
				4F1BF33C270A757900A0390F /* PhotoSearchProtocl.swift in Sources */,
				4F64BE34270A03F600C3F848 /* AppDelegate.swift in Sources */,
				4F3720CC270DE4840023465B /* PhotoSizesEndPoint.swift in Sources */,
				4F226837270A1E7600ED8009 /* EndPointProtocol.swift in Sources */,
				4F3720A9270C62F70023465B /* PhotoGalleryContainerViewModel.swift in Sources */,
				4F1BF335270A73C100A0390F /* PhotoSearchResult.swift in Sources */,
				4F226847270A2FFF00ED8009 /* CommonParametersProtocol.swift in Sources */,
				4F226849270A55A500ED8009 /* PhotoSearchService.swift in Sources */,
				4F3720BA270CB6260023465B /* PhotoGalleryViewModel.swift in Sources */,
				4F3720B6270C97C50023465B /* PhotoGalleryContainerContract.swift in Sources */,
				4F3720BD270CB6600023465B /* PhotoGalleryContract.swift in Sources */,
				4F1BF333270A70F800A0390F /* Photo.swift in Sources */,
				4F64BE36270A03F600C3F848 /* SceneDelegate.swift in Sources */,
				4F226834270A1D4100ED8009 /* ConstantsProtocol.swift in Sources */,
				4F3720AB270C63CD0023465B /* PhotoGalleryContainerViewModel+Routing.swift in Sources */,
				4F3720AE270C64F70023465B /* PhotoGalleryViewController.swift in Sources */,
				4F22682F270A0D6000ED8009 /* Constants.swift in Sources */,
				4F3720C8270DDA040023465B /* PhotoGalleryViewModel+Routing.swift in Sources */,
			);
			runOnlyForDeploymentPostprocessing = 0;
		};
/* End PBXSourcesBuildPhase section */

/* Begin PBXVariantGroup section */
		4F64BE3E270A03F900C3F848 /* LaunchScreen.storyboard */ = {
			isa = PBXVariantGroup;
			children = (
				4F64BE3F270A03F900C3F848 /* Base */,
			);
			name = LaunchScreen.storyboard;
			sourceTree = "<group>";
		};
/* End PBXVariantGroup section */

/* Begin XCBuildConfiguration section */
		4F64BE42270A03F900C3F848 /* Debug */ = {
			isa = XCBuildConfiguration;
			buildSettings = {
				ALWAYS_SEARCH_USER_PATHS = NO;
				CLANG_ANALYZER_NONNULL = YES;
				CLANG_ANALYZER_NUMBER_OBJECT_CONVERSION = YES_AGGRESSIVE;
				CLANG_CXX_LANGUAGE_STANDARD = "gnu++14";
				CLANG_CXX_LIBRARY = "libc++";
				CLANG_ENABLE_MODULES = YES;
				CLANG_ENABLE_OBJC_ARC = YES;
				CLANG_ENABLE_OBJC_WEAK = YES;
				CLANG_WARN_BLOCK_CAPTURE_AUTORELEASING = YES;
				CLANG_WARN_BOOL_CONVERSION = YES;
				CLANG_WARN_COMMA = YES;
				CLANG_WARN_CONSTANT_CONVERSION = YES;
				CLANG_WARN_DEPRECATED_OBJC_IMPLEMENTATIONS = YES;
				CLANG_WARN_DIRECT_OBJC_ISA_USAGE = YES_ERROR;
				CLANG_WARN_DOCUMENTATION_COMMENTS = YES;
				CLANG_WARN_EMPTY_BODY = YES;
				CLANG_WARN_ENUM_CONVERSION = YES;
				CLANG_WARN_INFINITE_RECURSION = YES;
				CLANG_WARN_INT_CONVERSION = YES;
				CLANG_WARN_NON_LITERAL_NULL_CONVERSION = YES;
				CLANG_WARN_OBJC_IMPLICIT_RETAIN_SELF = YES;
				CLANG_WARN_OBJC_LITERAL_CONVERSION = YES;
				CLANG_WARN_OBJC_ROOT_CLASS = YES_ERROR;
				CLANG_WARN_QUOTED_INCLUDE_IN_FRAMEWORK_HEADER = YES;
				CLANG_WARN_RANGE_LOOP_ANALYSIS = YES;
				CLANG_WARN_STRICT_PROTOTYPES = YES;
				CLANG_WARN_SUSPICIOUS_MOVE = YES;
				CLANG_WARN_UNGUARDED_AVAILABILITY = YES_AGGRESSIVE;
				CLANG_WARN_UNREACHABLE_CODE = YES;
				CLANG_WARN__DUPLICATE_METHOD_MATCH = YES;
				COPY_PHASE_STRIP = NO;
				DEBUG_INFORMATION_FORMAT = dwarf;
				ENABLE_STRICT_OBJC_MSGSEND = YES;
				ENABLE_TESTABILITY = YES;
				GCC_C_LANGUAGE_STANDARD = gnu11;
				GCC_DYNAMIC_NO_PIC = NO;
				GCC_NO_COMMON_BLOCKS = YES;
				GCC_OPTIMIZATION_LEVEL = 0;
				GCC_PREPROCESSOR_DEFINITIONS = (
					"DEBUG=1",
					"$(inherited)",
				);
				GCC_WARN_64_TO_32_BIT_CONVERSION = YES;
				GCC_WARN_ABOUT_RETURN_TYPE = YES_ERROR;
				GCC_WARN_UNDECLARED_SELECTOR = YES;
				GCC_WARN_UNINITIALIZED_AUTOS = YES_AGGRESSIVE;
				GCC_WARN_UNUSED_FUNCTION = YES;
				GCC_WARN_UNUSED_VARIABLE = YES;
				IPHONEOS_DEPLOYMENT_TARGET = 14.5;
				MTL_ENABLE_DEBUG_INFO = INCLUDE_SOURCE;
				MTL_FAST_MATH = YES;
				ONLY_ACTIVE_ARCH = YES;
				SDKROOT = iphoneos;
				SWIFT_ACTIVE_COMPILATION_CONDITIONS = DEBUG;
				SWIFT_OPTIMIZATION_LEVEL = "-Onone";
			};
			name = Debug;
		};
		4F64BE43270A03F900C3F848 /* Release */ = {
			isa = XCBuildConfiguration;
			buildSettings = {
				ALWAYS_SEARCH_USER_PATHS = NO;
				CLANG_ANALYZER_NONNULL = YES;
				CLANG_ANALYZER_NUMBER_OBJECT_CONVERSION = YES_AGGRESSIVE;
				CLANG_CXX_LANGUAGE_STANDARD = "gnu++14";
				CLANG_CXX_LIBRARY = "libc++";
				CLANG_ENABLE_MODULES = YES;
				CLANG_ENABLE_OBJC_ARC = YES;
				CLANG_ENABLE_OBJC_WEAK = YES;
				CLANG_WARN_BLOCK_CAPTURE_AUTORELEASING = YES;
				CLANG_WARN_BOOL_CONVERSION = YES;
				CLANG_WARN_COMMA = YES;
				CLANG_WARN_CONSTANT_CONVERSION = YES;
				CLANG_WARN_DEPRECATED_OBJC_IMPLEMENTATIONS = YES;
				CLANG_WARN_DIRECT_OBJC_ISA_USAGE = YES_ERROR;
				CLANG_WARN_DOCUMENTATION_COMMENTS = YES;
				CLANG_WARN_EMPTY_BODY = YES;
				CLANG_WARN_ENUM_CONVERSION = YES;
				CLANG_WARN_INFINITE_RECURSION = YES;
				CLANG_WARN_INT_CONVERSION = YES;
				CLANG_WARN_NON_LITERAL_NULL_CONVERSION = YES;
				CLANG_WARN_OBJC_IMPLICIT_RETAIN_SELF = YES;
				CLANG_WARN_OBJC_LITERAL_CONVERSION = YES;
				CLANG_WARN_OBJC_ROOT_CLASS = YES_ERROR;
				CLANG_WARN_QUOTED_INCLUDE_IN_FRAMEWORK_HEADER = YES;
				CLANG_WARN_RANGE_LOOP_ANALYSIS = YES;
				CLANG_WARN_STRICT_PROTOTYPES = YES;
				CLANG_WARN_SUSPICIOUS_MOVE = YES;
				CLANG_WARN_UNGUARDED_AVAILABILITY = YES_AGGRESSIVE;
				CLANG_WARN_UNREACHABLE_CODE = YES;
				CLANG_WARN__DUPLICATE_METHOD_MATCH = YES;
				COPY_PHASE_STRIP = NO;
				DEBUG_INFORMATION_FORMAT = "dwarf-with-dsym";
				ENABLE_NS_ASSERTIONS = NO;
				ENABLE_STRICT_OBJC_MSGSEND = YES;
				GCC_C_LANGUAGE_STANDARD = gnu11;
				GCC_NO_COMMON_BLOCKS = YES;
				GCC_WARN_64_TO_32_BIT_CONVERSION = YES;
				GCC_WARN_ABOUT_RETURN_TYPE = YES_ERROR;
				GCC_WARN_UNDECLARED_SELECTOR = YES;
				GCC_WARN_UNINITIALIZED_AUTOS = YES_AGGRESSIVE;
				GCC_WARN_UNUSED_FUNCTION = YES;
				GCC_WARN_UNUSED_VARIABLE = YES;
				IPHONEOS_DEPLOYMENT_TARGET = 14.5;
				MTL_ENABLE_DEBUG_INFO = NO;
				MTL_FAST_MATH = YES;
				SDKROOT = iphoneos;
				SWIFT_COMPILATION_MODE = wholemodule;
				SWIFT_OPTIMIZATION_LEVEL = "-O";
				VALIDATE_PRODUCT = YES;
			};
			name = Release;
		};
		4F64BE45270A03F900C3F848 /* Debug */ = {
			isa = XCBuildConfiguration;
			baseConfigurationReference = 4F0B29270E6642B5398A18B0 /* Pods-FlickerApp-Clone.debug.xcconfig */;
			buildSettings = {
				ASSETCATALOG_COMPILER_APPICON_NAME = AppIcon;
				ASSETCATALOG_COMPILER_GLOBAL_ACCENT_COLOR_NAME = AccentColor;
				CODE_SIGN_STYLE = Automatic;
				DEVELOPMENT_TEAM = TWGW3756JC;
				INFOPLIST_FILE = "FlickerApp-Clone/Info.plist";
				LD_RUNPATH_SEARCH_PATHS = (
					"$(inherited)",
					"@executable_path/Frameworks",
				);
				PRODUCT_BUNDLE_IDENTIFIER = "com.practice.uikit.FlickerApp-Clone";
				PRODUCT_NAME = "$(TARGET_NAME)";
				SWIFT_VERSION = 5.0;
				TARGETED_DEVICE_FAMILY = "1,2";
			};
			name = Debug;
		};
		4F64BE46270A03F900C3F848 /* Release */ = {
			isa = XCBuildConfiguration;
			baseConfigurationReference = 25EF7D1D4A8797A671272CA5 /* Pods-FlickerApp-Clone.release.xcconfig */;
			buildSettings = {
				ASSETCATALOG_COMPILER_APPICON_NAME = AppIcon;
				ASSETCATALOG_COMPILER_GLOBAL_ACCENT_COLOR_NAME = AccentColor;
				CODE_SIGN_STYLE = Automatic;
				DEVELOPMENT_TEAM = TWGW3756JC;
				INFOPLIST_FILE = "FlickerApp-Clone/Info.plist";
				LD_RUNPATH_SEARCH_PATHS = (
					"$(inherited)",
					"@executable_path/Frameworks",
				);
				PRODUCT_BUNDLE_IDENTIFIER = "com.practice.uikit.FlickerApp-Clone";
				PRODUCT_NAME = "$(TARGET_NAME)";
				SWIFT_VERSION = 5.0;
				TARGETED_DEVICE_FAMILY = "1,2";
			};
			name = Release;
		};
/* End XCBuildConfiguration section */

/* Begin XCConfigurationList section */
		4F64BE2B270A03F600C3F848 /* Build configuration list for PBXProject "FlickerApp-Clone" */ = {
			isa = XCConfigurationList;
			buildConfigurations = (
				4F64BE42270A03F900C3F848 /* Debug */,
				4F64BE43270A03F900C3F848 /* Release */,
			);
			defaultConfigurationIsVisible = 0;
			defaultConfigurationName = Release;
		};
		4F64BE44270A03F900C3F848 /* Build configuration list for PBXNativeTarget "FlickerApp-Clone" */ = {
			isa = XCConfigurationList;
			buildConfigurations = (
				4F64BE45270A03F900C3F848 /* Debug */,
				4F64BE46270A03F900C3F848 /* Release */,
			);
			defaultConfigurationIsVisible = 0;
			defaultConfigurationName = Release;
		};
/* End XCConfigurationList section */
	};
	rootObject = 4F64BE28270A03F600C3F848 /* Project object */;
}
